
Microsoft Visual Studio Solution File, Format Version 12.00
# Visual Studio Version 17
VisualStudioVersion = 17.3.32929.385
MinimumVisualStudioVersion = 10.0.40219.1
Project("{F184B08F-C81C-45F6-A57F-5ABD9991F28F}") = "Vending Machine", "Vending Machine.vbproj", "{FF82F24B-9557-4883-A4E4-5BE5F46BE939}"
EndProject
Global
	GlobalSection(SolutionConfigurationPlatforms) = preSolution
		Debug|Any CPU = Debug|Any CPU
		Release|Any CPU = Release|Any CPU
	EndGlobalSection
	GlobalSection(ProjectConfigurationPlatforms) = postSolution
		{FF82F24B-9557-4883-A4E4-5BE5F46BE939}.Debug|Any CPU.ActiveCfg = Debug|Any CPU
		{FF82F24B-9557-4883-A4E4-5BE5F46BE939}.Debug|Any CPU.Build.0 = Debug|Any CPU
		{FF82F24B-9557-4883-A4E4-5BE5F46BE939}.Release|Any CPU.ActiveCfg = Release|Any CPU
		{FF82F24B-9557-4883-A4E4-5BE5F46BE939}.Release|Any CPU.Build.0 = Release|Any CPU
	EndGlobalSection
	GlobalSection(SolutionProperties) = preSolution
		HideSolutionNode = FALSE
	EndGlobalSection
	GlobalSection(ExtensibilityGlobals) = postSolution
		SolutionGuid = {C77354BD-7E49-4B95-B4DE-430AADE20BFE}
	EndGlobalSection
EndGlobal
