
Microsoft Visual Studio Solution File, Format Version 12.00
# Visual Studio Version 17
VisualStudioVersion = 17.3.32929.385
MinimumVisualStudioVersion = 10.0.40219.1
Project("{F184B08F-C81C-45F6-A57F-5ABD9991F28F}") = "Vending Machine Final", "Vending Machine Final.vbproj", "{0CF53419-336F-4A0E-8C96-3072AA6C5A6C}"
EndProject
Global
	GlobalSection(SolutionConfigurationPlatforms) = preSolution
		Debug|Any CPU = Debug|Any CPU
		Release|Any CPU = Release|Any CPU
	EndGlobalSection
	GlobalSection(ProjectConfigurationPlatforms) = postSolution
		{0CF53419-336F-4A0E-8C96-3072AA6C5A6C}.Debug|Any CPU.ActiveCfg = Debug|Any CPU
		{0CF53419-336F-4A0E-8C96-3072AA6C5A6C}.Debug|Any CPU.Build.0 = Debug|Any CPU
		{0CF53419-336F-4A0E-8C96-3072AA6C5A6C}.Release|Any CPU.ActiveCfg = Release|Any CPU
		{0CF53419-336F-4A0E-8C96-3072AA6C5A6C}.Release|Any CPU.Build.0 = Release|Any CPU
	EndGlobalSection
	GlobalSection(SolutionProperties) = preSolution
		HideSolutionNode = FALSE
	EndGlobalSection
	GlobalSection(ExtensibilityGlobals) = postSolution
		SolutionGuid = {6E30F2C4-2E63-4BDE-A03E-46DFD263BE70}
	EndGlobalSection
EndGlobal
